// !$*UTF8*$!
{
	archiveVersion = 1;
	classes = {
	};
	objectVersion = 77;
	objects = {

/* Begin PBXBuildFile section */
		9E1755F27A51623B4CA0EC3A /* Pods_swift_reelsTests.framework in Frameworks */ = {isa = PBXBuildFile; fileRef = 4E42AD114CD1D0AC82D8575A /* Pods_swift_reelsTests.framework */; };
		C88258652D526D5500883F12 /* FirebaseAnalytics in Frameworks */ = {isa = PBXBuildFile; productRef = C88258642D526D5500883F12 /* FirebaseAnalytics */; };
		C88258672D526D5500883F12 /* FirebaseAnalyticsWithoutAdIdSupport in Frameworks */ = {isa = PBXBuildFile; productRef = C88258662D526D5500883F12 /* FirebaseAnalyticsWithoutAdIdSupport */; };
		C88258692D526D5500883F12 /* FirebaseAuth in Frameworks */ = {isa = PBXBuildFile; productRef = C88258682D526D5500883F12 /* FirebaseAuth */; };
		C8E09C512D5268230038BA5B /* FirebaseAnalytics in Frameworks */ = {isa = PBXBuildFile; productRef = C8E09C502D5268230038BA5B /* FirebaseAnalytics */; };
		C8E09C532D5268230038BA5B /* FirebaseAuth in Frameworks */ = {isa = PBXBuildFile; productRef = C8E09C522D5268230038BA5B /* FirebaseAuth */; };
		C8E09C552D5268230038BA5B /* FirebaseFirestore in Frameworks */ = {isa = PBXBuildFile; productRef = C8E09C542D5268230038BA5B /* FirebaseFirestore */; };
		C8E09C572D5268230038BA5B /* FirebaseStorage in Frameworks */ = {isa = PBXBuildFile; productRef = C8E09C562D5268230038BA5B /* FirebaseStorage */; };
		FB61EAFA8EE42C9E37B53751 /* Pods_swift_reels_swift_reelsUITests.framework in Frameworks */ = {isa = PBXBuildFile; fileRef = 8BC6293BF6D12263DA2D3896 /* Pods_swift_reels_swift_reelsUITests.framework */; };
/* End PBXBuildFile section */

/* Begin PBXContainerItemProxy section */
		C89BB0E62D51C006002CB01B /* PBXContainerItemProxy */ = {
			isa = PBXContainerItemProxy;
			containerPortal = C89BB0CC2D51C004002CB01B /* Project object */;
			proxyType = 1;
			remoteGlobalIDString = C89BB0D32D51C004002CB01B;
			remoteInfo = "swift-reels";
		};
		C89BB0F02D51C006002CB01B /* PBXContainerItemProxy */ = {
			isa = PBXContainerItemProxy;
			containerPortal = C89BB0CC2D51C004002CB01B /* Project object */;
			proxyType = 1;
			remoteGlobalIDString = C89BB0D32D51C004002CB01B;
			remoteInfo = "swift-reels";
		};
/* End PBXContainerItemProxy section */

/* Begin PBXFileReference section */
		4E42AD114CD1D0AC82D8575A /* Pods_swift_reelsTests.framework */ = {isa = PBXFileReference; explicitFileType = wrapper.framework; includeInIndex = 0; path = Pods_swift_reelsTests.framework; sourceTree = BUILT_PRODUCTS_DIR; };
		8BC6293BF6D12263DA2D3896 /* Pods_swift_reels_swift_reelsUITests.framework */ = {isa = PBXFileReference; explicitFileType = wrapper.framework; includeInIndex = 0; path = Pods_swift_reels_swift_reelsUITests.framework; sourceTree = BUILT_PRODUCTS_DIR; };
		C72F84D2B1655477983D6FBB /* Pods_swift_reels.framework */ = {isa = PBXFileReference; explicitFileType = wrapper.framework; includeInIndex = 0; path = Pods_swift_reels.framework; sourceTree = BUILT_PRODUCTS_DIR; };
		C89BB0D42D51C004002CB01B /* swift-reels.app */ = {isa = PBXFileReference; explicitFileType = wrapper.application; includeInIndex = 0; path = "swift-reels.app"; sourceTree = BUILT_PRODUCTS_DIR; };
		C89BB0E52D51C006002CB01B /* swift-reelsTests.xctest */ = {isa = PBXFileReference; explicitFileType = wrapper.cfbundle; includeInIndex = 0; path = "swift-reelsTests.xctest"; sourceTree = BUILT_PRODUCTS_DIR; };
		C89BB0EF2D51C006002CB01B /* swift-reelsUITests.xctest */ = {isa = PBXFileReference; explicitFileType = wrapper.cfbundle; includeInIndex = 0; path = "swift-reelsUITests.xctest"; sourceTree = BUILT_PRODUCTS_DIR; };
/* End PBXFileReference section */

/* Begin PBXFileSystemSynchronizedRootGroup section */
		C89BB0D62D51C004002CB01B /* swift-reels */ = {
			isa = PBXFileSystemSynchronizedRootGroup;
			path = "swift-reels";
			sourceTree = "<group>";
		};
		C89BB0E82D51C006002CB01B /* swift-reelsTests */ = {
			isa = PBXFileSystemSynchronizedRootGroup;
			path = "swift-reelsTests";
			sourceTree = "<group>";
		};
		C89BB0F22D51C006002CB01B /* swift-reelsUITests */ = {
			isa = PBXFileSystemSynchronizedRootGroup;
			path = "swift-reelsUITests";
			sourceTree = "<group>";
		};
/* End PBXFileSystemSynchronizedRootGroup section */

/* Begin PBXFrameworksBuildPhase section */
		C89BB0D12D51C004002CB01B /* Frameworks */ = {
			isa = PBXFrameworksBuildPhase;
			buildActionMask = 2147483647;
			files = (
				C8E09C512D5268230038BA5B /* FirebaseAnalytics in Frameworks */,
				C8E09C552D5268230038BA5B /* FirebaseFirestore in Frameworks */,
				C88258652D526D5500883F12 /* FirebaseAnalytics in Frameworks */,
				C8E09C532D5268230038BA5B /* FirebaseAuth in Frameworks */,
				C88258672D526D5500883F12 /* FirebaseAnalyticsWithoutAdIdSupport in Frameworks */,
				C8E09C572D5268230038BA5B /* FirebaseStorage in Frameworks */,
				C88258692D526D5500883F12 /* FirebaseAuth in Frameworks */,
			);
			runOnlyForDeploymentPostprocessing = 0;
		};
		C89BB0E22D51C006002CB01B /* Frameworks */ = {
			isa = PBXFrameworksBuildPhase;
			buildActionMask = 2147483647;
			files = (
				9E1755F27A51623B4CA0EC3A /* Pods_swift_reelsTests.framework in Frameworks */,
			);
			runOnlyForDeploymentPostprocessing = 0;
		};
		C89BB0EC2D51C006002CB01B /* Frameworks */ = {
			isa = PBXFrameworksBuildPhase;
			buildActionMask = 2147483647;
			files = (
				FB61EAFA8EE42C9E37B53751 /* Pods_swift_reels_swift_reelsUITests.framework in Frameworks */,
			);
			runOnlyForDeploymentPostprocessing = 0;
		};
/* End PBXFrameworksBuildPhase section */

/* Begin PBXGroup section */
		5BA304CA1E856BDF6D3542F3 /* Frameworks */ = {
			isa = PBXGroup;
			children = (
				C72F84D2B1655477983D6FBB /* Pods_swift_reels.framework */,
				8BC6293BF6D12263DA2D3896 /* Pods_swift_reels_swift_reelsUITests.framework */,
				4E42AD114CD1D0AC82D8575A /* Pods_swift_reelsTests.framework */,
			);
			name = Frameworks;
			sourceTree = "<group>";
		};
		C89BB0CB2D51C004002CB01B = {
			isa = PBXGroup;
			children = (
				C89BB0D62D51C004002CB01B /* swift-reels */,
				C89BB0E82D51C006002CB01B /* swift-reelsTests */,
				C89BB0F22D51C006002CB01B /* swift-reelsUITests */,
				C89BB0D52D51C004002CB01B /* Products */,
				5BA304CA1E856BDF6D3542F3 /* Frameworks */,
			);
			sourceTree = "<group>";
		};
		C89BB0D52D51C004002CB01B /* Products */ = {
			isa = PBXGroup;
			children = (
				C89BB0D42D51C004002CB01B /* swift-reels.app */,
				C89BB0E52D51C006002CB01B /* swift-reelsTests.xctest */,
				C89BB0EF2D51C006002CB01B /* swift-reelsUITests.xctest */,
			);
			name = Products;
			sourceTree = "<group>";
		};
/* End PBXGroup section */

/* Begin PBXNativeTarget section */
		C89BB0D32D51C004002CB01B /* swift-reels */ = {
			isa = PBXNativeTarget;
			buildConfigurationList = C89BB0F92D51C006002CB01B /* Build configuration list for PBXNativeTarget "swift-reels" */;
			buildPhases = (
				C89BB0D02D51C004002CB01B /* Sources */,
				C89BB0D12D51C004002CB01B /* Frameworks */,
				C89BB0D22D51C004002CB01B /* Resources */,
			);
			buildRules = (
			);
			dependencies = (
			);
			fileSystemSynchronizedGroups = (
				C89BB0D62D51C004002CB01B /* swift-reels */,
			);
			name = "swift-reels";
			productName = "swift-reels";
			productReference = C89BB0D42D51C004002CB01B /* swift-reels.app */;
			productType = "com.apple.product-type.application";
		};
		C89BB0E42D51C006002CB01B /* swift-reelsTests */ = {
			isa = PBXNativeTarget;
			buildConfigurationList = C89BB0FC2D51C006002CB01B /* Build configuration list for PBXNativeTarget "swift-reelsTests" */;
			buildPhases = (
				B5AF12D995EE5BD61CADA854 /* [CP] Check Pods Manifest.lock */,
				C89BB0E12D51C006002CB01B /* Sources */,
				C89BB0E22D51C006002CB01B /* Frameworks */,
				C89BB0E32D51C006002CB01B /* Resources */,
			);
			buildRules = (
			);
			dependencies = (
				C89BB0E72D51C006002CB01B /* PBXTargetDependency */,
			);
			fileSystemSynchronizedGroups = (
				C89BB0E82D51C006002CB01B /* swift-reelsTests */,
			);
			name = "swift-reelsTests";
			productName = "swift-reelsTests";
			productReference = C89BB0E52D51C006002CB01B /* swift-reelsTests.xctest */;
			productType = "com.apple.product-type.bundle.unit-test";
		};
		C89BB0EE2D51C006002CB01B /* swift-reelsUITests */ = {
			isa = PBXNativeTarget;
			buildConfigurationList = C89BB0FF2D51C006002CB01B /* Build configuration list for PBXNativeTarget "swift-reelsUITests" */;
			buildPhases = (
				285C4A51AF09BEA4049E7242 /* [CP] Check Pods Manifest.lock */,
				C89BB0EB2D51C006002CB01B /* Sources */,
				C89BB0EC2D51C006002CB01B /* Frameworks */,
				C89BB0ED2D51C006002CB01B /* Resources */,
				FBC2FFC55E65A2515CF570EE /* [CP] Embed Pods Frameworks */,
			);
			buildRules = (
			);
			dependencies = (
				C89BB0F12D51C006002CB01B /* PBXTargetDependency */,
			);
			fileSystemSynchronizedGroups = (
				C89BB0F22D51C006002CB01B /* swift-reelsUITests */,
			);
			name = "swift-reelsUITests";
			productName = "swift-reelsUITests";
			productReference = C89BB0EF2D51C006002CB01B /* swift-reelsUITests.xctest */;
			productType = "com.apple.product-type.bundle.ui-testing";
		};
/* End PBXNativeTarget section */

/* Begin PBXProject section */
		C89BB0CC2D51C004002CB01B /* Project object */ = {
			isa = PBXProject;
			attributes = {
				BuildIndependentTargetsInParallel = 1;
				LastSwiftUpdateCheck = 1620;
				LastUpgradeCheck = 1620;
				TargetAttributes = {
					C89BB0D32D51C004002CB01B = {
						CreatedOnToolsVersion = 16.2;
					};
					C89BB0E42D51C006002CB01B = {
						CreatedOnToolsVersion = 16.2;
						TestTargetID = C89BB0D32D51C004002CB01B;
					};
					C89BB0EE2D51C006002CB01B = {
						CreatedOnToolsVersion = 16.2;
						TestTargetID = C89BB0D32D51C004002CB01B;
					};
				};
			};
			buildConfigurationList = C89BB0CF2D51C004002CB01B /* Build configuration list for PBXProject "swift-reels" */;
			developmentRegion = en;
			hasScannedForEncodings = 0;
			knownRegions = (
				en,
				Base,
			);
			mainGroup = C89BB0CB2D51C004002CB01B;
			minimizedProjectReferenceProxies = 1;
			packageReferences = (
				C88258632D526D5500883F12 /* XCRemoteSwiftPackageReference "firebase-ios-sdk" */,
			);
			preferredProjectObjectVersion = 77;
			productRefGroup = C89BB0D52D51C004002CB01B /* Products */;
			projectDirPath = "";
			projectRoot = "";
			targets = (
				C89BB0D32D51C004002CB01B /* swift-reels */,
				C89BB0E42D51C006002CB01B /* swift-reelsTests */,
				C89BB0EE2D51C006002CB01B /* swift-reelsUITests */,
			);
		};
/* End PBXProject section */

/* Begin PBXResourcesBuildPhase section */
		C89BB0D22D51C004002CB01B /* Resources */ = {
			isa = PBXResourcesBuildPhase;
			buildActionMask = 2147483647;
			files = (
			);
			runOnlyForDeploymentPostprocessing = 0;
		};
		C89BB0E32D51C006002CB01B /* Resources */ = {
			isa = PBXResourcesBuildPhase;
			buildActionMask = 2147483647;
			files = (
			);
			runOnlyForDeploymentPostprocessing = 0;
		};
		C89BB0ED2D51C006002CB01B /* Resources */ = {
			isa = PBXResourcesBuildPhase;
			buildActionMask = 2147483647;
			files = (
			);
			runOnlyForDeploymentPostprocessing = 0;
		};
/* End PBXResourcesBuildPhase section */

/* Begin PBXShellScriptBuildPhase section */
		285C4A51AF09BEA4049E7242 /* [CP] Check Pods Manifest.lock */ = {
			isa = PBXShellScriptBuildPhase;
			buildActionMask = 2147483647;
			files = (
			);
			inputFileListPaths = (
			);
			inputPaths = (
				"${PODS_PODFILE_DIR_PATH}/Podfile.lock",
				"${PODS_ROOT}/Manifest.lock",
			);
			name = "[CP] Check Pods Manifest.lock";
			outputFileListPaths = (
			);
			outputPaths = (
				"$(DERIVED_FILE_DIR)/Pods-swift-reels-swift-reelsUITests-checkManifestLockResult.txt",
			);
			runOnlyForDeploymentPostprocessing = 0;
			shellPath = /bin/sh;
			shellScript = "diff \"${PODS_PODFILE_DIR_PATH}/Podfile.lock\" \"${PODS_ROOT}/Manifest.lock\" > /dev/null\nif [ $? != 0 ] ; then\n    # print error to STDERR\n    echo \"error: The sandbox is not in sync with the Podfile.lock. Run 'pod install' or update your CocoaPods installation.\" >&2\n    exit 1\nfi\n# This output is used by Xcode 'outputs' to avoid re-running this script phase.\necho \"SUCCESS\" > \"${SCRIPT_OUTPUT_FILE_0}\"\n";
			showEnvVarsInLog = 0;
		};
		B5AF12D995EE5BD61CADA854 /* [CP] Check Pods Manifest.lock */ = {
			isa = PBXShellScriptBuildPhase;
			buildActionMask = 2147483647;
			files = (
			);
			inputFileListPaths = (
			);
			inputPaths = (
				"${PODS_PODFILE_DIR_PATH}/Podfile.lock",
				"${PODS_ROOT}/Manifest.lock",
			);
			name = "[CP] Check Pods Manifest.lock";
			outputFileListPaths = (
			);
			outputPaths = (
				"$(DERIVED_FILE_DIR)/Pods-swift-reelsTests-checkManifestLockResult.txt",
			);
			runOnlyForDeploymentPostprocessing = 0;
			shellPath = /bin/sh;
			shellScript = "diff \"${PODS_PODFILE_DIR_PATH}/Podfile.lock\" \"${PODS_ROOT}/Manifest.lock\" > /dev/null\nif [ $? != 0 ] ; then\n    # print error to STDERR\n    echo \"error: The sandbox is not in sync with the Podfile.lock. Run 'pod install' or update your CocoaPods installation.\" >&2\n    exit 1\nfi\n# This output is used by Xcode 'outputs' to avoid re-running this script phase.\necho \"SUCCESS\" > \"${SCRIPT_OUTPUT_FILE_0}\"\n";
			showEnvVarsInLog = 0;
		};
		FBC2FFC55E65A2515CF570EE /* [CP] Embed Pods Frameworks */ = {
			isa = PBXShellScriptBuildPhase;
			buildActionMask = 2147483647;
			files = (
			);
			inputFileListPaths = (
				"${PODS_ROOT}/Target Support Files/Pods-swift-reels-swift-reelsUITests/Pods-swift-reels-swift-reelsUITests-frameworks-${CONFIGURATION}-input-files.xcfilelist",
			);
			name = "[CP] Embed Pods Frameworks";
			outputFileListPaths = (
				"${PODS_ROOT}/Target Support Files/Pods-swift-reels-swift-reelsUITests/Pods-swift-reels-swift-reelsUITests-frameworks-${CONFIGURATION}-output-files.xcfilelist",
			);
			runOnlyForDeploymentPostprocessing = 0;
			shellPath = /bin/sh;
			shellScript = "\"${PODS_ROOT}/Target Support Files/Pods-swift-reels-swift-reelsUITests/Pods-swift-reels-swift-reelsUITests-frameworks.sh\"\n";
			showEnvVarsInLog = 0;
		};
/* End PBXShellScriptBuildPhase section */

/* Begin PBXSourcesBuildPhase section */
		C89BB0D02D51C004002CB01B /* Sources */ = {
			isa = PBXSourcesBuildPhase;
			buildActionMask = 2147483647;
			files = (
			);
			runOnlyForDeploymentPostprocessing = 0;
		};
		C89BB0E12D51C006002CB01B /* Sources */ = {
			isa = PBXSourcesBuildPhase;
			buildActionMask = 2147483647;
			files = (
			);
			runOnlyForDeploymentPostprocessing = 0;
		};
		C89BB0EB2D51C006002CB01B /* Sources */ = {
			isa = PBXSourcesBuildPhase;
			buildActionMask = 2147483647;
			files = (
			);
			runOnlyForDeploymentPostprocessing = 0;
		};
/* End PBXSourcesBuildPhase section */

/* Begin PBXTargetDependency section */
		C89BB0E72D51C006002CB01B /* PBXTargetDependency */ = {
			isa = PBXTargetDependency;
			target = C89BB0D32D51C004002CB01B /* swift-reels */;
			targetProxy = C89BB0E62D51C006002CB01B /* PBXContainerItemProxy */;
		};
		C89BB0F12D51C006002CB01B /* PBXTargetDependency */ = {
			isa = PBXTargetDependency;
			target = C89BB0D32D51C004002CB01B /* swift-reels */;
			targetProxy = C89BB0F02D51C006002CB01B /* PBXContainerItemProxy */;
		};
/* End PBXTargetDependency section */

/* Begin XCBuildConfiguration section */
		C89BB0F72D51C006002CB01B /* Debug */ = {
			isa = XCBuildConfiguration;
			buildSettings = {
				ALWAYS_SEARCH_USER_PATHS = NO;
				ASSETCATALOG_COMPILER_GENERATE_SWIFT_ASSET_SYMBOL_EXTENSIONS = YES;
				CLANG_ANALYZER_NONNULL = YES;
				CLANG_ANALYZER_NUMBER_OBJECT_CONVERSION = YES_AGGRESSIVE;
				CLANG_CXX_LANGUAGE_STANDARD = "gnu++20";
				CLANG_ENABLE_MODULES = YES;
				CLANG_ENABLE_OBJC_ARC = YES;
				CLANG_ENABLE_OBJC_WEAK = YES;
				CLANG_WARN_BLOCK_CAPTURE_AUTORELEASING = YES;
				CLANG_WARN_BOOL_CONVERSION = YES;
				CLANG_WARN_COMMA = YES;
				CLANG_WARN_CONSTANT_CONVERSION = YES;
				CLANG_WARN_DEPRECATED_OBJC_IMPLEMENTATIONS = YES;
				CLANG_WARN_DIRECT_OBJC_ISA_USAGE = YES_ERROR;
				CLANG_WARN_DOCUMENTATION_COMMENTS = YES;
				CLANG_WARN_EMPTY_BODY = YES;
				CLANG_WARN_ENUM_CONVERSION = YES;
				CLANG_WARN_INFINITE_RECURSION = YES;
				CLANG_WARN_INT_CONVERSION = YES;
				CLANG_WARN_NON_LITERAL_NULL_CONVERSION = YES;
				CLANG_WARN_OBJC_IMPLICIT_RETAIN_SELF = YES;
				CLANG_WARN_OBJC_LITERAL_CONVERSION = YES;
				CLANG_WARN_OBJC_ROOT_CLASS = YES_ERROR;
				CLANG_WARN_QUOTED_INCLUDE_IN_FRAMEWORK_HEADER = YES;
				CLANG_WARN_RANGE_LOOP_ANALYSIS = YES;
				CLANG_WARN_STRICT_PROTOTYPES = YES;
				CLANG_WARN_SUSPICIOUS_MOVE = YES;
				CLANG_WARN_UNGUARDED_AVAILABILITY = YES_AGGRESSIVE;
				CLANG_WARN_UNREACHABLE_CODE = YES;
				CLANG_WARN__DUPLICATE_METHOD_MATCH = YES;
				COPY_PHASE_STRIP = NO;
				DEBUG_INFORMATION_FORMAT = dwarf;
				ENABLE_STRICT_OBJC_MSGSEND = YES;
				ENABLE_TESTABILITY = YES;
				ENABLE_USER_SCRIPT_SANDBOXING = YES;
				GCC_C_LANGUAGE_STANDARD = gnu17;
				GCC_DYNAMIC_NO_PIC = NO;
				GCC_NO_COMMON_BLOCKS = YES;
				GCC_OPTIMIZATION_LEVEL = 0;
				GCC_PREPROCESSOR_DEFINITIONS = (
					"DEBUG=1",
					"$(inherited)",
				);
				GCC_WARN_64_TO_32_BIT_CONVERSION = YES;
				GCC_WARN_ABOUT_RETURN_TYPE = YES_ERROR;
				GCC_WARN_UNDECLARED_SELECTOR = YES;
				GCC_WARN_UNINITIALIZED_AUTOS = YES_AGGRESSIVE;
				GCC_WARN_UNUSED_FUNCTION = YES;
				GCC_WARN_UNUSED_VARIABLE = YES;
				LOCALIZATION_PREFERS_STRING_CATALOGS = YES;
				MTL_ENABLE_DEBUG_INFO = INCLUDE_SOURCE;
				MTL_FAST_MATH = YES;
				ONLY_ACTIVE_ARCH = YES;
				SWIFT_ACTIVE_COMPILATION_CONDITIONS = "DEBUG $(inherited)";
				SWIFT_OPTIMIZATION_LEVEL = "-Onone";
			};
			name = Debug;
		};
		C89BB0F82D51C006002CB01B /* Release */ = {
			isa = XCBuildConfiguration;
			buildSettings = {
				ALWAYS_SEARCH_USER_PATHS = NO;
				ASSETCATALOG_COMPILER_GENERATE_SWIFT_ASSET_SYMBOL_EXTENSIONS = YES;
				CLANG_ANALYZER_NONNULL = YES;
				CLANG_ANALYZER_NUMBER_OBJECT_CONVERSION = YES_AGGRESSIVE;
				CLANG_CXX_LANGUAGE_STANDARD = "gnu++20";
				CLANG_ENABLE_MODULES = YES;
				CLANG_ENABLE_OBJC_ARC = YES;
				CLANG_ENABLE_OBJC_WEAK = YES;
				CLANG_WARN_BLOCK_CAPTURE_AUTORELEASING = YES;
				CLANG_WARN_BOOL_CONVERSION = YES;
				CLANG_WARN_COMMA = YES;
				CLANG_WARN_CONSTANT_CONVERSION = YES;
				CLANG_WARN_DEPRECATED_OBJC_IMPLEMENTATIONS = YES;
				CLANG_WARN_DIRECT_OBJC_ISA_USAGE = YES_ERROR;
				CLANG_WARN_DOCUMENTATION_COMMENTS = YES;
				CLANG_WARN_EMPTY_BODY = YES;
				CLANG_WARN_ENUM_CONVERSION = YES;
				CLANG_WARN_INFINITE_RECURSION = YES;
				CLANG_WARN_INT_CONVERSION = YES;
				CLANG_WARN_NON_LITERAL_NULL_CONVERSION = YES;
				CLANG_WARN_OBJC_IMPLICIT_RETAIN_SELF = YES;
				CLANG_WARN_OBJC_LITERAL_CONVERSION = YES;
				CLANG_WARN_OBJC_ROOT_CLASS = YES_ERROR;
				CLANG_WARN_QUOTED_INCLUDE_IN_FRAMEWORK_HEADER = YES;
				CLANG_WARN_RANGE_LOOP_ANALYSIS = YES;
				CLANG_WARN_STRICT_PROTOTYPES = YES;
				CLANG_WARN_SUSPICIOUS_MOVE = YES;
				CLANG_WARN_UNGUARDED_AVAILABILITY = YES_AGGRESSIVE;
				CLANG_WARN_UNREACHABLE_CODE = YES;
				CLANG_WARN__DUPLICATE_METHOD_MATCH = YES;
				COPY_PHASE_STRIP = NO;
				DEBUG_INFORMATION_FORMAT = "dwarf-with-dsym";
				ENABLE_NS_ASSERTIONS = NO;
				ENABLE_STRICT_OBJC_MSGSEND = YES;
				ENABLE_USER_SCRIPT_SANDBOXING = YES;
				GCC_C_LANGUAGE_STANDARD = gnu17;
				GCC_NO_COMMON_BLOCKS = YES;
				GCC_WARN_64_TO_32_BIT_CONVERSION = YES;
				GCC_WARN_ABOUT_RETURN_TYPE = YES_ERROR;
				GCC_WARN_UNDECLARED_SELECTOR = YES;
				GCC_WARN_UNINITIALIZED_AUTOS = YES_AGGRESSIVE;
				GCC_WARN_UNUSED_FUNCTION = YES;
				GCC_WARN_UNUSED_VARIABLE = YES;
				LOCALIZATION_PREFERS_STRING_CATALOGS = YES;
				MTL_ENABLE_DEBUG_INFO = NO;
				MTL_FAST_MATH = YES;
				SWIFT_COMPILATION_MODE = wholemodule;
			};
			name = Release;
		};
		C89BB0FA2D51C006002CB01B /* Debug */ = {
			isa = XCBuildConfiguration;
			buildSettings = {
				ASSETCATALOG_COMPILER_APPICON_NAME = AppIcon;
				ASSETCATALOG_COMPILER_GLOBAL_ACCENT_COLOR_NAME = AccentColor;
				CODE_SIGN_ENTITLEMENTS = "swift-reels/swift_reels.entitlements";
				CODE_SIGN_STYLE = Automatic;
				CURRENT_PROJECT_VERSION = 1;
				DEVELOPMENT_ASSET_PATHS = "\"swift-reels/Preview Content\"";
				DEVELOPMENT_TEAM = 2W2BVPKTRW;
				ENABLE_HARDENED_RUNTIME = YES;
				ENABLE_PREVIEWS = YES;
				GENERATE_INFOPLIST_FILE = YES;
				"INFOPLIST_KEY_UIApplicationSceneManifest_Generation[sdk=iphoneos*]" = YES;
				"INFOPLIST_KEY_UIApplicationSceneManifest_Generation[sdk=iphonesimulator*]" = YES;
				"INFOPLIST_KEY_UIApplicationSupportsIndirectInputEvents[sdk=iphoneos*]" = YES;
				"INFOPLIST_KEY_UIApplicationSupportsIndirectInputEvents[sdk=iphonesimulator*]" = YES;
				"INFOPLIST_KEY_UILaunchScreen_Generation[sdk=iphoneos*]" = YES;
				"INFOPLIST_KEY_UILaunchScreen_Generation[sdk=iphonesimulator*]" = YES;
				"INFOPLIST_KEY_UIStatusBarStyle[sdk=iphoneos*]" = UIStatusBarStyleDefault;
				"INFOPLIST_KEY_UIStatusBarStyle[sdk=iphonesimulator*]" = UIStatusBarStyleDefault;
				INFOPLIST_KEY_UISupportedInterfaceOrientations_iPad = "UIInterfaceOrientationPortrait UIInterfaceOrientationPortraitUpsideDown UIInterfaceOrientationLandscapeLeft UIInterfaceOrientationLandscapeRight";
				INFOPLIST_KEY_UISupportedInterfaceOrientations_iPhone = "UIInterfaceOrientationPortrait UIInterfaceOrientationLandscapeLeft UIInterfaceOrientationLandscapeRight";
				IPHONEOS_DEPLOYMENT_TARGET = 18.2;
				LD_RUNPATH_SEARCH_PATHS = "@executable_path/Frameworks";
				"LD_RUNPATH_SEARCH_PATHS[sdk=macosx*]" = "@executable_path/../Frameworks";
				MACOSX_DEPLOYMENT_TARGET = 15.1;
				MARKETING_VERSION = 1.0;
				PRODUCT_BUNDLE_IDENTIFIER = "io.swiftreels.swift-reels";
				PRODUCT_NAME = "$(TARGET_NAME)";
				SDKROOT = auto;
				SUPPORTED_PLATFORMS = "iphoneos iphonesimulator macosx xros xrsimulator";
				SWIFT_EMIT_LOC_STRINGS = YES;
				SWIFT_VERSION = 5.0;
				TARGETED_DEVICE_FAMILY = "1,2,7";
				XROS_DEPLOYMENT_TARGET = 2.2;
			};
			name = Debug;
		};
		C89BB0FB2D51C006002CB01B /* Release */ = {
			isa = XCBuildConfiguration;
			buildSettings = {
				ASSETCATALOG_COMPILER_APPICON_NAME = AppIcon;
				ASSETCATALOG_COMPILER_GLOBAL_ACCENT_COLOR_NAME = AccentColor;
				CODE_SIGN_ENTITLEMENTS = "swift-reels/swift_reels.entitlements";
				CODE_SIGN_STYLE = Automatic;
				CURRENT_PROJECT_VERSION = 1;
				DEVELOPMENT_ASSET_PATHS = "\"swift-reels/Preview Content\"";
				DEVELOPMENT_TEAM = 2W2BVPKTRW;
				ENABLE_HARDENED_RUNTIME = YES;
				ENABLE_PREVIEWS = YES;
				GENERATE_INFOPLIST_FILE = YES;
				"INFOPLIST_KEY_UIApplicationSceneManifest_Generation[sdk=iphoneos*]" = YES;
				"INFOPLIST_KEY_UIApplicationSceneManifest_Generation[sdk=iphonesimulator*]" = YES;
				"INFOPLIST_KEY_UIApplicationSupportsIndirectInputEvents[sdk=iphoneos*]" = YES;
				"INFOPLIST_KEY_UIApplicationSupportsIndirectInputEvents[sdk=iphonesimulator*]" = YES;
				"INFOPLIST_KEY_UILaunchScreen_Generation[sdk=iphoneos*]" = YES;
				"INFOPLIST_KEY_UILaunchScreen_Generation[sdk=iphonesimulator*]" = YES;
				"INFOPLIST_KEY_UIStatusBarStyle[sdk=iphoneos*]" = UIStatusBarStyleDefault;
				"INFOPLIST_KEY_UIStatusBarStyle[sdk=iphonesimulator*]" = UIStatusBarStyleDefault;
				INFOPLIST_KEY_UISupportedInterfaceOrientations_iPad = "UIInterfaceOrientationPortrait UIInterfaceOrientationPortraitUpsideDown UIInterfaceOrientationLandscapeLeft UIInterfaceOrientationLandscapeRight";
				INFOPLIST_KEY_UISupportedInterfaceOrientations_iPhone = "UIInterfaceOrientationPortrait UIInterfaceOrientationLandscapeLeft UIInterfaceOrientationLandscapeRight";
				IPHONEOS_DEPLOYMENT_TARGET = 18.2;
				LD_RUNPATH_SEARCH_PATHS = "@executable_path/Frameworks";
				"LD_RUNPATH_SEARCH_PATHS[sdk=macosx*]" = "@executable_path/../Frameworks";
				MACOSX_DEPLOYMENT_TARGET = 15.1;
				MARKETING_VERSION = 1.0;
				PRODUCT_BUNDLE_IDENTIFIER = "io.swiftreels.swift-reels";
				PRODUCT_NAME = "$(TARGET_NAME)";
				SDKROOT = auto;
				SUPPORTED_PLATFORMS = "iphoneos iphonesimulator macosx xros xrsimulator";
				SWIFT_EMIT_LOC_STRINGS = YES;
				SWIFT_VERSION = 5.0;
				TARGETED_DEVICE_FAMILY = "1,2,7";
				XROS_DEPLOYMENT_TARGET = 2.2;
			};
			name = Release;
		};
		C89BB0FD2D51C006002CB01B /* Debug */ = {
			isa = XCBuildConfiguration;
			buildSettings = {
				BUNDLE_LOADER = "$(TEST_HOST)";
				CODE_SIGN_STYLE = Automatic;
				CURRENT_PROJECT_VERSION = 1;
				DEVELOPMENT_TEAM = 2W2BVPKTRW;
				GENERATE_INFOPLIST_FILE = YES;
				IPHONEOS_DEPLOYMENT_TARGET = 18.2;
				MACOSX_DEPLOYMENT_TARGET = 15.1;
				MARKETING_VERSION = 1.0;
				PRODUCT_BUNDLE_IDENTIFIER = "io.swiftreels.swift-reelsTests";
				PRODUCT_NAME = "$(TARGET_NAME)";
				SDKROOT = auto;
				SUPPORTED_PLATFORMS = "iphoneos iphonesimulator macosx xros xrsimulator";
				SWIFT_EMIT_LOC_STRINGS = NO;
				SWIFT_VERSION = 5.0;
				TARGETED_DEVICE_FAMILY = "1,2,7";
				TEST_HOST = "$(BUILT_PRODUCTS_DIR)/swift-reels.app/$(BUNDLE_EXECUTABLE_FOLDER_PATH)/swift-reels";
				XROS_DEPLOYMENT_TARGET = 2.2;
			};
			name = Debug;
		};
		C89BB0FE2D51C006002CB01B /* Release */ = {
			isa = XCBuildConfiguration;
			buildSettings = {
				BUNDLE_LOADER = "$(TEST_HOST)";
				CODE_SIGN_STYLE = Automatic;
				CURRENT_PROJECT_VERSION = 1;
				DEVELOPMENT_TEAM = 2W2BVPKTRW;
				GENERATE_INFOPLIST_FILE = YES;
				IPHONEOS_DEPLOYMENT_TARGET = 18.2;
				MACOSX_DEPLOYMENT_TARGET = 15.1;
				MARKETING_VERSION = 1.0;
				PRODUCT_BUNDLE_IDENTIFIER = "io.swiftreels.swift-reelsTests";
				PRODUCT_NAME = "$(TARGET_NAME)";
				SDKROOT = auto;
				SUPPORTED_PLATFORMS = "iphoneos iphonesimulator macosx xros xrsimulator";
				SWIFT_EMIT_LOC_STRINGS = NO;
				SWIFT_VERSION = 5.0;
				TARGETED_DEVICE_FAMILY = "1,2,7";
				TEST_HOST = "$(BUILT_PRODUCTS_DIR)/swift-reels.app/$(BUNDLE_EXECUTABLE_FOLDER_PATH)/swift-reels";
				XROS_DEPLOYMENT_TARGET = 2.2;
			};
			name = Release;
		};
		C89BB1002D51C006002CB01B /* Debug */ = {
			isa = XCBuildConfiguration;
			buildSettings = {
				CODE_SIGN_STYLE = Automatic;
				CURRENT_PROJECT_VERSION = 1;
				DEVELOPMENT_TEAM = 2W2BVPKTRW;
				GENERATE_INFOPLIST_FILE = YES;
				IPHONEOS_DEPLOYMENT_TARGET = 18.2;
				MACOSX_DEPLOYMENT_TARGET = 15.1;
				MARKETING_VERSION = 1.0;
				PRODUCT_BUNDLE_IDENTIFIER = "io.swiftreels.swift-reelsUITests";
				PRODUCT_NAME = "$(TARGET_NAME)";
				SDKROOT = auto;
				SUPPORTED_PLATFORMS = "iphoneos iphonesimulator macosx xros xrsimulator";
				SWIFT_EMIT_LOC_STRINGS = NO;
				SWIFT_VERSION = 5.0;
				TARGETED_DEVICE_FAMILY = "1,2,7";
				TEST_TARGET_NAME = "swift-reels";
				XROS_DEPLOYMENT_TARGET = 2.2;
			};
			name = Debug;
		};
		C89BB1012D51C006002CB01B /* Release */ = {
			isa = XCBuildConfiguration;
			buildSettings = {
				CODE_SIGN_STYLE = Automatic;
				CURRENT_PROJECT_VERSION = 1;
				DEVELOPMENT_TEAM = 2W2BVPKTRW;
				GENERATE_INFOPLIST_FILE = YES;
				IPHONEOS_DEPLOYMENT_TARGET = 18.2;
				MACOSX_DEPLOYMENT_TARGET = 15.1;
				MARKETING_VERSION = 1.0;
				PRODUCT_BUNDLE_IDENTIFIER = "io.swiftreels.swift-reelsUITests";
				PRODUCT_NAME = "$(TARGET_NAME)";
				SDKROOT = auto;
				SUPPORTED_PLATFORMS = "iphoneos iphonesimulator macosx xros xrsimulator";
				SWIFT_EMIT_LOC_STRINGS = NO;
				SWIFT_VERSION = 5.0;
				TARGETED_DEVICE_FAMILY = "1,2,7";
				TEST_TARGET_NAME = "swift-reels";
				XROS_DEPLOYMENT_TARGET = 2.2;
			};
			name = Release;
		};
/* End XCBuildConfiguration section */

/* Begin XCConfigurationList section */
		C89BB0CF2D51C004002CB01B /* Build configuration list for PBXProject "swift-reels" */ = {
			isa = XCConfigurationList;
			buildConfigurations = (
				C89BB0F72D51C006002CB01B /* Debug */,
				C89BB0F82D51C006002CB01B /* Release */,
			);
			defaultConfigurationIsVisible = 0;
			defaultConfigurationName = Release;
		};
		C89BB0F92D51C006002CB01B /* Build configuration list for PBXNativeTarget "swift-reels" */ = {
			isa = XCConfigurationList;
			buildConfigurations = (
				C89BB0FA2D51C006002CB01B /* Debug */,
				C89BB0FB2D51C006002CB01B /* Release */,
			);
			defaultConfigurationIsVisible = 0;
			defaultConfigurationName = Release;
		};
		C89BB0FC2D51C006002CB01B /* Build configuration list for PBXNativeTarget "swift-reelsTests" */ = {
			isa = XCConfigurationList;
			buildConfigurations = (
				C89BB0FD2D51C006002CB01B /* Debug */,
				C89BB0FE2D51C006002CB01B /* Release */,
			);
			defaultConfigurationIsVisible = 0;
			defaultConfigurationName = Release;
		};
		C89BB0FF2D51C006002CB01B /* Build configuration list for PBXNativeTarget "swift-reelsUITests" */ = {
			isa = XCConfigurationList;
			buildConfigurations = (
				C89BB1002D51C006002CB01B /* Debug */,
				C89BB1012D51C006002CB01B /* Release */,
			);
			defaultConfigurationIsVisible = 0;
			defaultConfigurationName = Release;
		};
/* End XCConfigurationList section */

/* Begin XCRemoteSwiftPackageReference section */
		C88258632D526D5500883F12 /* XCRemoteSwiftPackageReference "firebase-ios-sdk" */ = {
			isa = XCRemoteSwiftPackageReference;
			repositoryURL = "https://github.com/firebase/firebase-ios-sdk.git";
			requirement = {
				kind = upToNextMajorVersion;
				minimumVersion = 11.8.0;
			};
		};
		C8E09C4F2D5268230038BA5B /* XCRemoteSwiftPackageReference "firebase-ios-sdk" */ = {
			isa = XCRemoteSwiftPackageReference;
			repositoryURL = "https://github.com/firebase/firebase-ios-sdk.git";
			requirement = {
				kind = upToNextMajorVersion;
				minimumVersion = 11.8.0;
			};
		};
/* End XCRemoteSwiftPackageReference section */

/* Begin XCSwiftPackageProductDependency section */
		C88258642D526D5500883F12 /* FirebaseAnalytics */ = {
			isa = XCSwiftPackageProductDependency;
			package = C88258632D526D5500883F12 /* XCRemoteSwiftPackageReference "firebase-ios-sdk" */;
			productName = FirebaseAnalytics;
		};
		C88258662D526D5500883F12 /* FirebaseAnalyticsWithoutAdIdSupport */ = {
			isa = XCSwiftPackageProductDependency;
			package = C88258632D526D5500883F12 /* XCRemoteSwiftPackageReference "firebase-ios-sdk" */;
			productName = FirebaseAnalyticsWithoutAdIdSupport;
		};
		C88258682D526D5500883F12 /* FirebaseAuth */ = {
			isa = XCSwiftPackageProductDependency;
			package = C88258632D526D5500883F12 /* XCRemoteSwiftPackageReference "firebase-ios-sdk" */;
			productName = FirebaseAuth;
		};
		C8E09C502D5268230038BA5B /* FirebaseAnalytics */ = {
			isa = XCSwiftPackageProductDependency;
			package = C8E09C4F2D5268230038BA5B /* XCRemoteSwiftPackageReference "firebase-ios-sdk" */;
			productName = FirebaseAnalytics;
		};
		C8E09C522D5268230038BA5B /* FirebaseAuth */ = {
			isa = XCSwiftPackageProductDependency;
			package = C8E09C4F2D5268230038BA5B /* XCRemoteSwiftPackageReference "firebase-ios-sdk" */;
			productName = FirebaseAuth;
		};
		C8E09C542D5268230038BA5B /* FirebaseFirestore */ = {
			isa = XCSwiftPackageProductDependency;
			package = C8E09C4F2D5268230038BA5B /* XCRemoteSwiftPackageReference "firebase-ios-sdk" */;
			productName = FirebaseFirestore;
		};
		C8E09C562D5268230038BA5B /* FirebaseStorage */ = {
			isa = XCSwiftPackageProductDependency;
			package = C8E09C4F2D5268230038BA5B /* XCRemoteSwiftPackageReference "firebase-ios-sdk" */;
			productName = FirebaseStorage;
		};
/* End XCSwiftPackageProductDependency section */
	};
	rootObject = C89BB0CC2D51C004002CB01B /* Project object */;
}
